// !$*UTF8*$!
{
	archiveVersion = 1;
	classes = {
	};
	objectVersion = 77;
	objects = {

/* Begin PBXBuildFile section */
		C90E323A2D81BB80002DC32F /* NavLibSwift in Frameworks */ = {isa = PBXBuildFile; productRef = C90E32392D81BB80002DC32F /* NavLibSwift */; };
		C90E32452D81BBAE002DC32F /* 3DconnexionNavlib.framework in Frameworks */ = {isa = PBXBuildFile; fileRef = C90E32442D81BBAE002DC32F /* 3DconnexionNavlib.framework */; };
		C90E32462D81BBAE002DC32F /* 3DconnexionNavlib.framework in Embed Frameworks */ = {isa = PBXBuildFile; fileRef = C90E32442D81BBAE002DC32F /* 3DconnexionNavlib.framework */; settings = {ATTRIBUTES = (CodeSignOnCopy, RemoveHeadersOnCopy, ); }; };
		C90E32DF2D82FDC9002DC32F /* NavLibSwift in Frameworks */ = {isa = PBXBuildFile; productRef = C90E32DE2D82FDC9002DC32F /* NavLibSwift */; };
		C90E33D42D848218002DC32F /* NavLibSwift in Frameworks */ = {isa = PBXBuildFile; productRef = C90E33D32D848218002DC32F /* NavLibSwift */; };
/* End PBXBuildFile section */

/* Begin PBXCopyFilesBuildPhase section */
		C90E32472D81BBAE002DC32F /* Embed Frameworks */ = {
			isa = PBXCopyFilesBuildPhase;
			buildActionMask = 2147483647;
			dstPath = "";
			dstSubfolderSpec = 10;
			files = (
				C90E32462D81BBAE002DC32F /* 3DconnexionNavlib.framework in Embed Frameworks */,
			);
			name = "Embed Frameworks";
			runOnlyForDeploymentPostprocessing = 0;
		};
/* End PBXCopyFilesBuildPhase section */

/* Begin PBXFileReference section */
		C90E32092D81B9B6002DC32F /* NavLibDemo.app */ = {isa = PBXFileReference; explicitFileType = wrapper.application; includeInIndex = 0; path = NavLibDemo.app; sourceTree = BUILT_PRODUCTS_DIR; };
		C90E32442D81BBAE002DC32F /* 3DconnexionNavlib.framework */ = {isa = PBXFileReference; lastKnownFileType = wrapper.framework; name = 3DconnexionNavlib.framework; path = /Library/Frameworks/3DconnexionNavlib.framework; sourceTree = "<absolute>"; };
/* End PBXFileReference section */

/* Begin PBXFileSystemSynchronizedRootGroup section */
		C90E320B2D81B9B6002DC32F /* NavLibDemo */ = {
			isa = PBXFileSystemSynchronizedRootGroup;
			path = NavLibDemo;
			sourceTree = "<group>";
		};
/* End PBXFileSystemSynchronizedRootGroup section */

/* Begin PBXFrameworksBuildPhase section */
		C90E32062D81B9B6002DC32F /* Frameworks */ = {
			isa = PBXFrameworksBuildPhase;
			buildActionMask = 2147483647;
			files = (
				C90E33D42D848218002DC32F /* NavLibSwift in Frameworks */,
				C90E32DF2D82FDC9002DC32F /* NavLibSwift in Frameworks */,
				C90E323A2D81BB80002DC32F /* NavLibSwift in Frameworks */,
				C90E32452D81BBAE002DC32F /* 3DconnexionNavlib.framework in Frameworks */,
			);
			runOnlyForDeploymentPostprocessing = 0;
		};
/* End PBXFrameworksBuildPhase section */

/* Begin PBXGroup section */
		C90E32002D81B9B6002DC32F = {
			isa = PBXGroup;
			children = (
				C90E320B2D81B9B6002DC32F /* NavLibDemo */,
				C90E32432D81BBAE002DC32F /* Frameworks */,
				C90E320A2D81B9B6002DC32F /* Products */,
			);
			sourceTree = "<group>";
		};
		C90E320A2D81B9B6002DC32F /* Products */ = {
			isa = PBXGroup;
			children = (
				C90E32092D81B9B6002DC32F /* NavLibDemo.app */,
			);
			name = Products;
			sourceTree = "<group>";
		};
		C90E32432D81BBAE002DC32F /* Frameworks */ = {
			isa = PBXGroup;
			children = (
				C90E32442D81BBAE002DC32F /* 3DconnexionNavlib.framework */,
			);
			name = Frameworks;
			sourceTree = "<group>";
		};
/* End PBXGroup section */

/* Begin PBXNativeTarget section */
		C90E32082D81B9B6002DC32F /* NavLibDemo */ = {
			isa = PBXNativeTarget;
			buildConfigurationList = C90E32162D81B9B7002DC32F /* Build configuration list for PBXNativeTarget "NavLibDemo" */;
			buildPhases = (
				C90E32052D81B9B6002DC32F /* Sources */,
				C90E32062D81B9B6002DC32F /* Frameworks */,
				C90E32072D81B9B6002DC32F /* Resources */,
				C90E32472D81BBAE002DC32F /* Embed Frameworks */,
			);
			buildRules = (
			);
			dependencies = (
			);
			fileSystemSynchronizedGroups = (
				C90E320B2D81B9B6002DC32F /* NavLibDemo */,
			);
			name = NavLibDemo;
			packageProductDependencies = (
				C90E32392D81BB80002DC32F /* NavLibSwift */,
				C90E32DE2D82FDC9002DC32F /* NavLibSwift */,
				C90E33D32D848218002DC32F /* NavLibSwift */,
			);
			productName = NavLibDemo;
			productReference = C90E32092D81B9B6002DC32F /* NavLibDemo.app */;
			productType = "com.apple.product-type.application";
		};
/* End PBXNativeTarget section */

/* Begin PBXProject section */
		C90E32012D81B9B6002DC32F /* Project object */ = {
			isa = PBXProject;
			attributes = {
				BuildIndependentTargetsInParallel = 1;
				LastSwiftUpdateCheck = 1610;
				LastUpgradeCheck = 1610;
				TargetAttributes = {
					C90E32082D81B9B6002DC32F = {
						CreatedOnToolsVersion = 16.1;
					};
				};
			};
			buildConfigurationList = C90E32042D81B9B6002DC32F /* Build configuration list for PBXProject "NavLibDemo" */;
			developmentRegion = en;
			hasScannedForEncodings = 0;
			knownRegions = (
				en,
				Base,
			);
			mainGroup = C90E32002D81B9B6002DC32F;
			minimizedProjectReferenceProxies = 1;
			packageReferences = (
				C90E33D22D848218002DC32F /* XCRemoteSwiftPackageReference "NavLibSwift" */,
			);
			preferredProjectObjectVersion = 77;
			productRefGroup = C90E320A2D81B9B6002DC32F /* Products */;
			projectDirPath = "";
			projectRoot = "";
			targets = (
				C90E32082D81B9B6002DC32F /* NavLibDemo */,
			);
		};
/* End PBXProject section */

/* Begin PBXResourcesBuildPhase section */
		C90E32072D81B9B6002DC32F /* Resources */ = {
			isa = PBXResourcesBuildPhase;
			buildActionMask = 2147483647;
			files = (
			);
			runOnlyForDeploymentPostprocessing = 0;
		};
/* End PBXResourcesBuildPhase section */

/* Begin PBXSourcesBuildPhase section */
		C90E32052D81B9B6002DC32F /* Sources */ = {
			isa = PBXSourcesBuildPhase;
			buildActionMask = 2147483647;
			files = (
			);
			runOnlyForDeploymentPostprocessing = 0;
		};
/* End PBXSourcesBuildPhase section */

/* Begin XCBuildConfiguration section */
		C90E32142D81B9B7002DC32F /* Debug */ = {
			isa = XCBuildConfiguration;
			buildSettings = {
				ALWAYS_SEARCH_USER_PATHS = NO;
				ASSETCATALOG_COMPILER_GENERATE_SWIFT_ASSET_SYMBOL_EXTENSIONS = YES;
				CLANG_ANALYZER_NONNULL = YES;
				CLANG_ANALYZER_NUMBER_OBJECT_CONVERSION = YES_AGGRESSIVE;
				CLANG_CXX_LANGUAGE_STANDARD = "gnu++20";
				CLANG_ENABLE_MODULES = YES;
				CLANG_ENABLE_OBJC_ARC = YES;
				CLANG_ENABLE_OBJC_WEAK = YES;
				CLANG_WARN_BLOCK_CAPTURE_AUTORELEASING = YES;
				CLANG_WARN_BOOL_CONVERSION = YES;
				CLANG_WARN_COMMA = YES;
				CLANG_WARN_CONSTANT_CONVERSION = YES;
				CLANG_WARN_DEPRECATED_OBJC_IMPLEMENTATIONS = YES;
				CLANG_WARN_DIRECT_OBJC_ISA_USAGE = YES_ERROR;
				CLANG_WARN_DOCUMENTATION_COMMENTS = YES;
				CLANG_WARN_EMPTY_BODY = YES;
				CLANG_WARN_ENUM_CONVERSION = YES;
				CLANG_WARN_INFINITE_RECURSION = YES;
				CLANG_WARN_INT_CONVERSION = YES;
				CLANG_WARN_NON_LITERAL_NULL_CONVERSION = YES;
				CLANG_WARN_OBJC_IMPLICIT_RETAIN_SELF = YES;
				CLANG_WARN_OBJC_LITERAL_CONVERSION = YES;
				CLANG_WARN_OBJC_ROOT_CLASS = YES_ERROR;
				CLANG_WARN_QUOTED_INCLUDE_IN_FRAMEWORK_HEADER = YES;
				CLANG_WARN_RANGE_LOOP_ANALYSIS = YES;
				CLANG_WARN_STRICT_PROTOTYPES = YES;
				CLANG_WARN_SUSPICIOUS_MOVE = YES;
				CLANG_WARN_UNGUARDED_AVAILABILITY = YES_AGGRESSIVE;
				CLANG_WARN_UNREACHABLE_CODE = YES;
				CLANG_WARN__DUPLICATE_METHOD_MATCH = YES;
				COPY_PHASE_STRIP = NO;
				DEBUG_INFORMATION_FORMAT = dwarf;
				ENABLE_STRICT_OBJC_MSGSEND = YES;
				ENABLE_TESTABILITY = YES;
				ENABLE_USER_SCRIPT_SANDBOXING = YES;
				GCC_C_LANGUAGE_STANDARD = gnu17;
				GCC_DYNAMIC_NO_PIC = NO;
				GCC_NO_COMMON_BLOCKS = YES;
				GCC_OPTIMIZATION_LEVEL = 0;
				GCC_PREPROCESSOR_DEFINITIONS = (
					"DEBUG=1",
					"$(inherited)",
				);
				GCC_WARN_64_TO_32_BIT_CONVERSION = YES;
				GCC_WARN_ABOUT_RETURN_TYPE = YES_ERROR;
				GCC_WARN_UNDECLARED_SELECTOR = YES;
				GCC_WARN_UNINITIALIZED_AUTOS = YES_AGGRESSIVE;
				GCC_WARN_UNUSED_FUNCTION = YES;
				GCC_WARN_UNUSED_VARIABLE = YES;
				LOCALIZATION_PREFERS_STRING_CATALOGS = YES;
				MACOSX_DEPLOYMENT_TARGET = 15.1;
				MTL_ENABLE_DEBUG_INFO = INCLUDE_SOURCE;
				MTL_FAST_MATH = YES;
				ONLY_ACTIVE_ARCH = YES;
				SDKROOT = macosx;
				SWIFT_ACTIVE_COMPILATION_CONDITIONS = "DEBUG $(inherited)";
				SWIFT_OPTIMIZATION_LEVEL = "-Onone";
			};
			name = Debug;
		};
		C90E32152D81B9B7002DC32F /* Release */ = {
			isa = XCBuildConfiguration;
			buildSettings = {
				ALWAYS_SEARCH_USER_PATHS = NO;
				ASSETCATALOG_COMPILER_GENERATE_SWIFT_ASSET_SYMBOL_EXTENSIONS = YES;
				CLANG_ANALYZER_NONNULL = YES;
				CLANG_ANALYZER_NUMBER_OBJECT_CONVERSION = YES_AGGRESSIVE;
				CLANG_CXX_LANGUAGE_STANDARD = "gnu++20";
				CLANG_ENABLE_MODULES = YES;
				CLANG_ENABLE_OBJC_ARC = YES;
				CLANG_ENABLE_OBJC_WEAK = YES;
				CLANG_WARN_BLOCK_CAPTURE_AUTORELEASING = YES;
				CLANG_WARN_BOOL_CONVERSION = YES;
				CLANG_WARN_COMMA = YES;
				CLANG_WARN_CONSTANT_CONVERSION = YES;
				CLANG_WARN_DEPRECATED_OBJC_IMPLEMENTATIONS = YES;
				CLANG_WARN_DIRECT_OBJC_ISA_USAGE = YES_ERROR;
				CLANG_WARN_DOCUMENTATION_COMMENTS = YES;
				CLANG_WARN_EMPTY_BODY = YES;
				CLANG_WARN_ENUM_CONVERSION = YES;
				CLANG_WARN_INFINITE_RECURSION = YES;
				CLANG_WARN_INT_CONVERSION = YES;
				CLANG_WARN_NON_LITERAL_NULL_CONVERSION = YES;
				CLANG_WARN_OBJC_IMPLICIT_RETAIN_SELF = YES;
				CLANG_WARN_OBJC_LITERAL_CONVERSION = YES;
				CLANG_WARN_OBJC_ROOT_CLASS = YES_ERROR;
				CLANG_WARN_QUOTED_INCLUDE_IN_FRAMEWORK_HEADER = YES;
				CLANG_WARN_RANGE_LOOP_ANALYSIS = YES;
				CLANG_WARN_STRICT_PROTOTYPES = YES;
				CLANG_WARN_SUSPICIOUS_MOVE = YES;
				CLANG_WARN_UNGUARDED_AVAILABILITY = YES_AGGRESSIVE;
				CLANG_WARN_UNREACHABLE_CODE = YES;
				CLANG_WARN__DUPLICATE_METHOD_MATCH = YES;
				COPY_PHASE_STRIP = NO;
				DEBUG_INFORMATION_FORMAT = "dwarf-with-dsym";
				ENABLE_NS_ASSERTIONS = NO;
				ENABLE_STRICT_OBJC_MSGSEND = YES;
				ENABLE_USER_SCRIPT_SANDBOXING = YES;
				GCC_C_LANGUAGE_STANDARD = gnu17;
				GCC_NO_COMMON_BLOCKS = YES;
				GCC_WARN_64_TO_32_BIT_CONVERSION = YES;
				GCC_WARN_ABOUT_RETURN_TYPE = YES_ERROR;
				GCC_WARN_UNDECLARED_SELECTOR = YES;
				GCC_WARN_UNINITIALIZED_AUTOS = YES_AGGRESSIVE;
				GCC_WARN_UNUSED_FUNCTION = YES;
				GCC_WARN_UNUSED_VARIABLE = YES;
				LOCALIZATION_PREFERS_STRING_CATALOGS = YES;
				MACOSX_DEPLOYMENT_TARGET = 15.1;
				MTL_ENABLE_DEBUG_INFO = NO;
				MTL_FAST_MATH = YES;
				SDKROOT = macosx;
				SWIFT_COMPILATION_MODE = wholemodule;
			};
			name = Release;
		};
		C90E32172D81B9B7002DC32F /* Debug */ = {
			isa = XCBuildConfiguration;
			buildSettings = {
				ASSETCATALOG_COMPILER_APPICON_NAME = AppIcon;
				ASSETCATALOG_COMPILER_GLOBAL_ACCENT_COLOR_NAME = AccentColor;
				CODE_SIGN_ENTITLEMENTS = NavLibDemo/NavLibDemo.entitlements;
				CODE_SIGN_STYLE = Automatic;
				COMBINE_HIDPI_IMAGES = YES;
				CURRENT_PROJECT_VERSION = 1;
				FRAMEWORK_SEARCH_PATHS = (
					"$(inherited)",
					"$(LOCAL_LIBRARY_DIR)/Frameworks",
				);
				GENERATE_INFOPLIST_FILE = YES;
				INFOPLIST_KEY_NSHumanReadableCopyright = "";
				INFOPLIST_KEY_NSMainNibFile = MainMenu;
				INFOPLIST_KEY_NSPrincipalClass = NSApplication;
				LD_RUNPATH_SEARCH_PATHS = (
					"$(inherited)",
					"@executable_path/../Frameworks",
				);
				MARKETING_VERSION = 1.0;
				OTHER_LDFLAGS = (
					"-weak_framework",
					3DconnexionNavlib,
				);
				PRODUCT_BUNDLE_IDENTIFIER = se.tomasf.NavLibDemo;
				PRODUCT_NAME = "$(TARGET_NAME)";
				SWIFT_EMIT_LOC_STRINGS = YES;
				SWIFT_OBJC_INTEROP_MODE = objcxx;
				SWIFT_VERSION = 5.0;
			};
			name = Debug;
		};
		C90E32182D81B9B7002DC32F /* Release */ = {
			isa = XCBuildConfiguration;
			buildSettings = {
				ASSETCATALOG_COMPILER_APPICON_NAME = AppIcon;
				ASSETCATALOG_COMPILER_GLOBAL_ACCENT_COLOR_NAME = AccentColor;
				CODE_SIGN_ENTITLEMENTS = NavLibDemo/NavLibDemo.entitlements;
				CODE_SIGN_STYLE = Automatic;
				COMBINE_HIDPI_IMAGES = YES;
				CURRENT_PROJECT_VERSION = 1;
				FRAMEWORK_SEARCH_PATHS = (
					"$(inherited)",
					"$(LOCAL_LIBRARY_DIR)/Frameworks",
				);
				GENERATE_INFOPLIST_FILE = YES;
				INFOPLIST_KEY_NSHumanReadableCopyright = "";
				INFOPLIST_KEY_NSMainNibFile = MainMenu;
				INFOPLIST_KEY_NSPrincipalClass = NSApplication;
				LD_RUNPATH_SEARCH_PATHS = (
					"$(inherited)",
					"@executable_path/../Frameworks",
				);
				MARKETING_VERSION = 1.0;
				OTHER_LDFLAGS = (
					"-weak_framework",
					3DconnexionNavlib,
				);
				PRODUCT_BUNDLE_IDENTIFIER = se.tomasf.NavLibDemo;
				PRODUCT_NAME = "$(TARGET_NAME)";
				SWIFT_EMIT_LOC_STRINGS = YES;
				SWIFT_OBJC_INTEROP_MODE = objcxx;
				SWIFT_VERSION = 5.0;
			};
			name = Release;
		};
/* End XCBuildConfiguration section */

/* Begin XCConfigurationList section */
		C90E32042D81B9B6002DC32F /* Build configuration list for PBXProject "NavLibDemo" */ = {
			isa = XCConfigurationList;
			buildConfigurations = (
				C90E32142D81B9B7002DC32F /* Debug */,
				C90E32152D81B9B7002DC32F /* Release */,
			);
			defaultConfigurationIsVisible = 0;
			defaultConfigurationName = Release;
		};
		C90E32162D81B9B7002DC32F /* Build configuration list for PBXNativeTarget "NavLibDemo" */ = {
			isa = XCConfigurationList;
			buildConfigurations = (
				C90E32172D81B9B7002DC32F /* Debug */,
				C90E32182D81B9B7002DC32F /* Release */,
			);
			defaultConfigurationIsVisible = 0;
			defaultConfigurationName = Release;
		};
/* End XCConfigurationList section */

/* Begin XCRemoteSwiftPackageReference section */
		C90E33D22D848218002DC32F /* XCRemoteSwiftPackageReference "NavLibSwift" */ = {
			isa = XCRemoteSwiftPackageReference;
			repositoryURL = "https://github.com/tomasf/NavLibSwift";
			requirement = {
				kind = upToNextMajorVersion;
				minimumVersion = 1.0.0;
			};
		};
/* End XCRemoteSwiftPackageReference section */

/* Begin XCSwiftPackageProductDependency section */
		C90E32392D81BB80002DC32F /* NavLibSwift */ = {
			isa = XCSwiftPackageProductDependency;
			productName = NavLibSwift;
		};
		C90E32DE2D82FDC9002DC32F /* NavLibSwift */ = {
			isa = XCSwiftPackageProductDependency;
			productName = NavLibSwift;
		};
		C90E33D32D848218002DC32F /* NavLibSwift */ = {
			isa = XCSwiftPackageProductDependency;
			package = C90E33D22D848218002DC32F /* XCRemoteSwiftPackageReference "NavLibSwift" */;
			productName = NavLibSwift;
		};
/* End XCSwiftPackageProductDependency section */
	};
	rootObject = C90E32012D81B9B6002DC32F /* Project object */;
}
