{
  "originHash" : "a37a231579ea4bf4d3e7905b3641e07be972c8edaf53f79df125799cd8dbbc96",
  "pins" : [
    {
      "identity" : "navlibswift",
      "kind" : "remoteSourceControl",
      "location" : "https://github.com/tomasf/NavLibSwift",
      "state" : {
        "revision" : "81d275f26e3fbfe1d668ab546e3bf3679e5bc712",
        "version" : "2.0.0"
      }
    }
  ],
  "version" : 3
}
