{
  "originHash" : "a37a231579ea4bf4d3e7905b3641e07be972c8edaf53f79df125799cd8dbbc96",
  "pins" : [
    {
      "identity" : "navlibswift",
      "kind" : "remoteSourceControl",
      "location" : "https://github.com/tomasf/NavLibSwift",
      "state" : {
        "revision" : "37eeaced91ce18427f5d39a9f16457b373cf09f2",
        "version" : "3.0.0"
      }
    }
  ],
  "version" : 3
}
